
Microsoft Visual Studio Solution File, Format Version 12.00
# Visual Studio Version 16
VisualStudioVersion = 16.0.30323.103
MinimumVisualStudioVersion = 10.0.40219.1
Project("{FAE04EC0-301F-11D3-BF4B-00C04F79EFBC}") = "RavenDbIndexError", "RavenDbIndexError\RavenDbIndexError.csproj", "{EAAE979D-2570-4D3C-97C3-96A02878298B}"
EndProject
Global
	GlobalSection(SolutionConfigurationPlatforms) = preSolution
		Debug|Any CPU = Debug|Any CPU
		Release|Any CPU = Release|Any CPU
	EndGlobalSection
	GlobalSection(ProjectConfigurationPlatforms) = postSolution
		{EAAE979D-2570-4D3C-97C3-96A02878298B}.Debug|Any CPU.ActiveCfg = Debug|Any CPU
		{EAAE979D-2570-4D3C-97C3-96A02878298B}.Debug|Any CPU.Build.0 = Debug|Any CPU
		{EAAE979D-2570-4D3C-97C3-96A02878298B}.Release|Any CPU.ActiveCfg = Release|Any CPU
		{EAAE979D-2570-4D3C-97C3-96A02878298B}.Release|Any CPU.Build.0 = Release|Any CPU
	EndGlobalSection
	GlobalSection(SolutionProperties) = preSolution
		HideSolutionNode = FALSE
	EndGlobalSection
	GlobalSection(ExtensibilityGlobals) = postSolution
		SolutionGuid = {AC421AAD-8D45-4FF7-91B4-B940D6C2BCAE}
	EndGlobalSection
EndGlobal
